
Microsoft Visual Studio Solution File, Format Version 12.00
# Visual Studio 15
VisualStudioVersion = 15.0.27703.2026
MinimumVisualStudioVersion = 10.0.40219.1
Project("{FAE04EC0-301F-11D3-BF4B-00C04F79EFBC}") = "Search-function", "Search-function\Search-function.csproj", "{4CE85EF1-F08C-4B0B-AED9-3A13F8487D68}"
EndProject
Global
	GlobalSection(SolutionConfigurationPlatforms) = preSolution
		Debug|Any CPU = Debug|Any CPU
		Release|Any CPU = Release|Any CPU
	EndGlobalSection
	GlobalSection(ProjectConfigurationPlatforms) = postSolution
		{4CE85EF1-F08C-4B0B-AED9-3A13F8487D68}.Debug|Any CPU.ActiveCfg = Debug|Any CPU
		{4CE85EF1-F08C-4B0B-AED9-3A13F8487D68}.Debug|Any CPU.Build.0 = Debug|Any CPU
		{4CE85EF1-F08C-4B0B-AED9-3A13F8487D68}.Release|Any CPU.ActiveCfg = Release|Any CPU
		{4CE85EF1-F08C-4B0B-AED9-3A13F8487D68}.Release|Any CPU.Build.0 = Release|Any CPU
	EndGlobalSection
	GlobalSection(SolutionProperties) = preSolution
		HideSolutionNode = FALSE
	EndGlobalSection
	GlobalSection(ExtensibilityGlobals) = postSolution
		SolutionGuid = {0299B880-6D91-48B4-BC16-0AF0D6330E6B}
	EndGlobalSection
EndGlobal
